
Microsoft Visual Studio Solution File, Format Version 12.00
# Visual Studio 15
VisualStudioVersion = 15.0.27428.2027
MinimumVisualStudioVersion = 10.0.40219.1
Project("{FAE04EC0-301F-11D3-BF4B-00C04F79EFBC}") = "Clases", "Clases\Clases.csproj", "{7433D5D1-7767-496C-B38F-9DE4C9146E9F}"
EndProject
Project("{FAE04EC0-301F-11D3-BF4B-00C04F79EFBC}") = "Pruebas", "Pruebas\Pruebas.csproj", "{5751822D-1A17-4035-A431-78F199AA431F}"
EndProject
Global
	GlobalSection(SolutionConfigurationPlatforms) = preSolution
		Debug|Any CPU = Debug|Any CPU
		Release|Any CPU = Release|Any CPU
	EndGlobalSection
	GlobalSection(ProjectConfigurationPlatforms) = postSolution
		{7433D5D1-7767-496C-B38F-9DE4C9146E9F}.Debug|Any CPU.ActiveCfg = Debug|Any CPU
		{7433D5D1-7767-496C-B38F-9DE4C9146E9F}.Debug|Any CPU.Build.0 = Debug|Any CPU
		{7433D5D1-7767-496C-B38F-9DE4C9146E9F}.Release|Any CPU.ActiveCfg = Release|Any CPU
		{7433D5D1-7767-496C-B38F-9DE4C9146E9F}.Release|Any CPU.Build.0 = Release|Any CPU
		{5751822D-1A17-4035-A431-78F199AA431F}.Debug|Any CPU.ActiveCfg = Debug|Any CPU
		{5751822D-1A17-4035-A431-78F199AA431F}.Debug|Any CPU.Build.0 = Debug|Any CPU
		{5751822D-1A17-4035-A431-78F199AA431F}.Release|Any CPU.ActiveCfg = Release|Any CPU
		{5751822D-1A17-4035-A431-78F199AA431F}.Release|Any CPU.Build.0 = Release|Any CPU
	EndGlobalSection
	GlobalSection(SolutionProperties) = preSolution
		HideSolutionNode = FALSE
	EndGlobalSection
	GlobalSection(ExtensibilityGlobals) = postSolution
		SolutionGuid = {98DA121A-06B8-4E27-9F04-5DFACC2C05D2}
	EndGlobalSection
EndGlobal
